// !$*UTF8*$!
{
	archiveVersion = 1;
	classes = {
	};
	objectVersion = 56;
	objects = {

/* Begin PBXBuildFile section */
		B1B7B0DC2EF26CE300A5865C /* TabBarController.swift in Sources */ = {isa = PBXBuildFile; fileRef = B1B7B0DB2EF26CE200A5865C /* TabBarController.swift */; };
		B1B7B0DE2EF26D1E00A5865C /* UserViewController.swift in Sources */ = {isa = PBXBuildFile; fileRef = B1B7B0DD2EF26D1E00A5865C /* UserViewController.swift */; };
		B1B7B0E02EF26E5F00A5865C /* SplashViewController.swift in Sources */ = {isa = PBXBuildFile; fileRef = B1B7B0DF2EF26E5F00A5865C /* SplashViewController.swift */; };
		B1B7B0E22EF2725800A5865C /* Login.storyboard in Resources */ = {isa = PBXBuildFile; fileRef = B1B7B0E12EF2725800A5865C /* Login.storyboard */; };
		B5710DAB2EEDDA6D008E8A4C /* LoginViewModel.swift in Sources */ = {isa = PBXBuildFile; fileRef = B5710DAA2EEDDA6D008E8A4C /* LoginViewModel.swift */; };
		B5710DAD2EEDDAA2008E8A4C /* HomeViewModel.swift in Sources */ = {isa = PBXBuildFile; fileRef = B5710DAC2EEDDAA2008E8A4C /* HomeViewModel.swift */; };
		B5710DB02EEDDDAC008E8A4C /* GameCardCell.swift in Sources */ = {isa = PBXBuildFile; fileRef = B5710DAF2EEDDDAC008E8A4C /* GameCardCell.swift */; };
		B5C8A7FA2EF08A7800835FEB /* SearchViewModel.swift in Sources */ = {isa = PBXBuildFile; fileRef = B5C8A7F92EF08A7800835FEB /* SearchViewModel.swift */; };
		B5C8A7FC2EF08AAA00835FEB /* SearchViewController.swift in Sources */ = {isa = PBXBuildFile; fileRef = B5C8A7FB2EF08AAA00835FEB /* SearchViewController.swift */; };
		B5C8A7FE2EF08FFC00835FEB /* PlatformViewController.swift in Sources */ = {isa = PBXBuildFile; fileRef = B5C8A7FD2EF08FFC00835FEB /* PlatformViewController.swift */; };
		B5C8A8002EF0901400835FEB /* PlatformViewModel.swift in Sources */ = {isa = PBXBuildFile; fileRef = B5C8A7FF2EF0901400835FEB /* PlatformViewModel.swift */; };
		B5C8A8022EF0907900835FEB /* GameGridCell.swift in Sources */ = {isa = PBXBuildFile; fileRef = B5C8A8012EF0907900835FEB /* GameGridCell.swift */; };
		B5C8A8072EF0934600835FEB /* platformStack.swift in Sources */ = {isa = PBXBuildFile; fileRef = B5C8A8062EF0934600835FEB /* platformStack.swift */; };
		B5C8A8092EF0941200835FEB /* tableView.swift in Sources */ = {isa = PBXBuildFile; fileRef = B5C8A8082EF0941200835FEB /* tableView.swift */; };
		B5CDB85E2EF0EA2F00CA98E5 /* GenreViewController.swift in Sources */ = {isa = PBXBuildFile; fileRef = B5CDB85D2EF0EA2F00CA98E5 /* GenreViewController.swift */; };
		B5CDB8622EF0EAE800CA98E5 /* GenreViewModel.swift in Sources */ = {isa = PBXBuildFile; fileRef = B5CDB8612EF0EAE800CA98E5 /* GenreViewModel.swift */; };
		B5E1FF192EE1E512007ABE73 /* AppDelegate.swift in Sources */ = {isa = PBXBuildFile; fileRef = B5E1FF182EE1E512007ABE73 /* AppDelegate.swift */; };
		B5E1FF1B2EE1E512007ABE73 /* SceneDelegate.swift in Sources */ = {isa = PBXBuildFile; fileRef = B5E1FF1A2EE1E512007ABE73 /* SceneDelegate.swift */; };
		B5E1FF1D2EE1E512007ABE73 /* HomeViewController.swift in Sources */ = {isa = PBXBuildFile; fileRef = B5E1FF1C2EE1E512007ABE73 /* HomeViewController.swift */; };
		B5E1FF202EE1E512007ABE73 /* Main.storyboard in Resources */ = {isa = PBXBuildFile; fileRef = B5E1FF1E2EE1E512007ABE73 /* Main.storyboard */; };
		B5E1FF222EE1E514007ABE73 /* Assets.xcassets in Resources */ = {isa = PBXBuildFile; fileRef = B5E1FF212EE1E514007ABE73 /* Assets.xcassets */; };
		B5E1FF252EE1E514007ABE73 /* LaunchScreen.storyboard in Resources */ = {isa = PBXBuildFile; fileRef = B5E1FF232EE1E514007ABE73 /* LaunchScreen.storyboard */; };
		B5E1FF2F2EE1E5DB007ABE73 /* AuthService.swift in Sources */ = {isa = PBXBuildFile; fileRef = B5E1FF2E2EE1E5DB007ABE73 /* AuthService.swift */; };
		B5E1FF312EE1E632007ABE73 /* RawgService.swift in Sources */ = {isa = PBXBuildFile; fileRef = B5E1FF302EE1E632007ABE73 /* RawgService.swift */; };
		B5E1FF332EE1E64E007ABE73 /* Game.swift in Sources */ = {isa = PBXBuildFile; fileRef = B5E1FF322EE1E64E007ABE73 /* Game.swift */; };
		B5E1FF352EE1E681007ABE73 /* User.swift in Sources */ = {isa = PBXBuildFile; fileRef = B5E1FF342EE1E681007ABE73 /* User.swift */; };
		B5E1FF372EE1E78A007ABE73 /* LoginViewController.swift in Sources */ = {isa = PBXBuildFile; fileRef = B5E1FF362EE1E78A007ABE73 /* LoginViewController.swift */; };
		B5E1FF392EE1E79D007ABE73 /* RegisterViewController.swift in Sources */ = {isa = PBXBuildFile; fileRef = B5E1FF382EE1E79D007ABE73 /* RegisterViewController.swift */; };
		B5E1FF3D2EE1EBE7007ABE73 /* Register.storyboard in Resources */ = {isa = PBXBuildFile; fileRef = B5E1FF3C2EE1EBE7007ABE73 /* Register.storyboard */; };
/* End PBXBuildFile section */

/* Begin PBXFileReference section */
		B1B7B0DB2EF26CE200A5865C /* TabBarController.swift */ = {isa = PBXFileReference; lastKnownFileType = sourcecode.swift; path = TabBarController.swift; sourceTree = "<group>"; };
		B1B7B0DD2EF26D1E00A5865C /* UserViewController.swift */ = {isa = PBXFileReference; lastKnownFileType = sourcecode.swift; path = UserViewController.swift; sourceTree = "<group>"; };
		B1B7B0DF2EF26E5F00A5865C /* SplashViewController.swift */ = {isa = PBXFileReference; lastKnownFileType = sourcecode.swift; path = SplashViewController.swift; sourceTree = "<group>"; };
		B1B7B0E12EF2725800A5865C /* Login.storyboard */ = {isa = PBXFileReference; lastKnownFileType = file.storyboard; path = Login.storyboard; sourceTree = "<group>"; };
		B5710DAA2EEDDA6D008E8A4C /* LoginViewModel.swift */ = {isa = PBXFileReference; lastKnownFileType = sourcecode.swift; path = LoginViewModel.swift; sourceTree = "<group>"; };
		B5710DAC2EEDDAA2008E8A4C /* HomeViewModel.swift */ = {isa = PBXFileReference; lastKnownFileType = sourcecode.swift; path = HomeViewModel.swift; sourceTree = "<group>"; };
		B5710DAF2EEDDDAC008E8A4C /* GameCardCell.swift */ = {isa = PBXFileReference; lastKnownFileType = sourcecode.swift; path = GameCardCell.swift; sourceTree = "<group>"; };
		B5C8A7F92EF08A7800835FEB /* SearchViewModel.swift */ = {isa = PBXFileReference; lastKnownFileType = sourcecode.swift; path = SearchViewModel.swift; sourceTree = "<group>"; };
		B5C8A7FB2EF08AAA00835FEB /* SearchViewController.swift */ = {isa = PBXFileReference; lastKnownFileType = sourcecode.swift; path = SearchViewController.swift; sourceTree = "<group>"; };
		B5C8A7FD2EF08FFC00835FEB /* PlatformViewController.swift */ = {isa = PBXFileReference; lastKnownFileType = sourcecode.swift; path = PlatformViewController.swift; sourceTree = "<group>"; };
		B5C8A7FF2EF0901400835FEB /* PlatformViewModel.swift */ = {isa = PBXFileReference; lastKnownFileType = sourcecode.swift; path = PlatformViewModel.swift; sourceTree = "<group>"; };
		B5C8A8012EF0907900835FEB /* GameGridCell.swift */ = {isa = PBXFileReference; lastKnownFileType = sourcecode.swift; path = GameGridCell.swift; sourceTree = "<group>"; };
		B5C8A8062EF0934600835FEB /* platformStack.swift */ = {isa = PBXFileReference; lastKnownFileType = sourcecode.swift; path = platformStack.swift; sourceTree = "<group>"; };
		B5C8A8082EF0941200835FEB /* tableView.swift */ = {isa = PBXFileReference; lastKnownFileType = sourcecode.swift; path = tableView.swift; sourceTree = "<group>"; };
		B5CDB85D2EF0EA2F00CA98E5 /* GenreViewController.swift */ = {isa = PBXFileReference; lastKnownFileType = sourcecode.swift; path = GenreViewController.swift; sourceTree = "<group>"; };
		B5CDB8612EF0EAE800CA98E5 /* GenreViewModel.swift */ = {isa = PBXFileReference; lastKnownFileType = sourcecode.swift; path = GenreViewModel.swift; sourceTree = "<group>"; };
		B5E1FF152EE1E512007ABE73 /* GameSpace.app */ = {isa = PBXFileReference; explicitFileType = wrapper.application; includeInIndex = 0; path = GameSpace.app; sourceTree = BUILT_PRODUCTS_DIR; };
		B5E1FF182EE1E512007ABE73 /* AppDelegate.swift */ = {isa = PBXFileReference; lastKnownFileType = sourcecode.swift; path = AppDelegate.swift; sourceTree = "<group>"; };
		B5E1FF1A2EE1E512007ABE73 /* SceneDelegate.swift */ = {isa = PBXFileReference; lastKnownFileType = sourcecode.swift; path = SceneDelegate.swift; sourceTree = "<group>"; };
		B5E1FF1C2EE1E512007ABE73 /* HomeViewController.swift */ = {isa = PBXFileReference; lastKnownFileType = sourcecode.swift; path = HomeViewController.swift; sourceTree = "<group>"; };
		B5E1FF1F2EE1E512007ABE73 /* Base */ = {isa = PBXFileReference; lastKnownFileType = file.storyboard; name = Base; path = Base.lproj/Main.storyboard; sourceTree = "<group>"; };
		B5E1FF212EE1E514007ABE73 /* Assets.xcassets */ = {isa = PBXFileReference; lastKnownFileType = folder.assetcatalog; path = Assets.xcassets; sourceTree = "<group>"; };
		B5E1FF242EE1E514007ABE73 /* Base */ = {isa = PBXFileReference; lastKnownFileType = file.storyboard; name = Base; path = Base.lproj/LaunchScreen.storyboard; sourceTree = "<group>"; };
		B5E1FF262EE1E514007ABE73 /* Info.plist */ = {isa = PBXFileReference; lastKnownFileType = text.plist.xml; path = Info.plist; sourceTree = "<group>"; };
		B5E1FF2E2EE1E5DB007ABE73 /* AuthService.swift */ = {isa = PBXFileReference; lastKnownFileType = sourcecode.swift; path = AuthService.swift; sourceTree = "<group>"; };
		B5E1FF302EE1E632007ABE73 /* RawgService.swift */ = {isa = PBXFileReference; lastKnownFileType = sourcecode.swift; path = RawgService.swift; sourceTree = "<group>"; };
		B5E1FF322EE1E64E007ABE73 /* Game.swift */ = {isa = PBXFileReference; lastKnownFileType = sourcecode.swift; path = Game.swift; sourceTree = "<group>"; };
		B5E1FF342EE1E681007ABE73 /* User.swift */ = {isa = PBXFileReference; lastKnownFileType = sourcecode.swift; path = User.swift; sourceTree = "<group>"; };
		B5E1FF362EE1E78A007ABE73 /* LoginViewController.swift */ = {isa = PBXFileReference; lastKnownFileType = sourcecode.swift; path = LoginViewController.swift; sourceTree = "<group>"; };
		B5E1FF382EE1E79D007ABE73 /* RegisterViewController.swift */ = {isa = PBXFileReference; lastKnownFileType = sourcecode.swift; path = RegisterViewController.swift; sourceTree = "<group>"; };
		B5E1FF3C2EE1EBE7007ABE73 /* Register.storyboard */ = {isa = PBXFileReference; lastKnownFileType = file.storyboard; path = Register.storyboard; sourceTree = "<group>"; };
/* End PBXFileReference section */

/* Begin PBXFrameworksBuildPhase section */
		B5E1FF122EE1E512007ABE73 /* Frameworks */ = {
			isa = PBXFrameworksBuildPhase;
			buildActionMask = 2147483647;
			files = (
			);
			runOnlyForDeploymentPostprocessing = 0;
		};
/* End PBXFrameworksBuildPhase section */

/* Begin PBXGroup section */
		B5710DA62EEDD6F0008E8A4C /* ViewModels */ = {
			isa = PBXGroup;
			children = (
				B5710DAA2EEDDA6D008E8A4C /* LoginViewModel.swift */,
				B5710DAC2EEDDAA2008E8A4C /* HomeViewModel.swift */,
				B5C8A7F92EF08A7800835FEB /* SearchViewModel.swift */,
				B5C8A7FF2EF0901400835FEB /* PlatformViewModel.swift */,
				B5CDB8612EF0EAE800CA98E5 /* GenreViewModel.swift */,
			);
			path = ViewModels;
			sourceTree = "<group>";
		};
		B5710DA82EEDD729008E8A4C /* View */ = {
			isa = PBXGroup;
			children = (
				B5C8A8032EF0932200835FEB /* mainStack */,
				B5E1FF3C2EE1EBE7007ABE73 /* Register.storyboard */,
				B1B7B0E12EF2725800A5865C /* Login.storyboard */,
				B5710DA92EEDD735008E8A4C /* Controller */,
			);
			path = View;
			sourceTree = "<group>";
		};
		B5710DA92EEDD735008E8A4C /* Controller */ = {
			isa = PBXGroup;
			children = (
				B5710DAE2EEDDD85008E8A4C /* Cells */,
				B5E1FF382EE1E79D007ABE73 /* RegisterViewController.swift */,
				B5E1FF362EE1E78A007ABE73 /* LoginViewController.swift */,
				B5E1FF1C2EE1E512007ABE73 /* HomeViewController.swift */,
				B5C8A7FB2EF08AAA00835FEB /* SearchViewController.swift */,
				B5C8A7FD2EF08FFC00835FEB /* PlatformViewController.swift */,
				B5CDB85D2EF0EA2F00CA98E5 /* GenreViewController.swift */,
				B1B7B0DF2EF26E5F00A5865C /* SplashViewController.swift */,
				B1B7B0DB2EF26CE200A5865C /* TabBarController.swift */,
				B1B7B0DD2EF26D1E00A5865C /* UserViewController.swift */,
			);
			path = Controller;
			sourceTree = "<group>";
		};
		B5710DAE2EEDDD85008E8A4C /* Cells */ = {
			isa = PBXGroup;
			children = (
				B5710DAF2EEDDDAC008E8A4C /* GameCardCell.swift */,
				B5C8A8012EF0907900835FEB /* GameGridCell.swift */,
			);
			path = Cells;
			sourceTree = "<group>";
		};
		B5C8A8032EF0932200835FEB /* mainStack */ = {
			isa = PBXGroup;
			children = (
				B5C8A8062EF0934600835FEB /* platformStack.swift */,
				B5C8A8082EF0941200835FEB /* tableView.swift */,
			);
			path = mainStack;
			sourceTree = "<group>";
		};
		B5E1FF0C2EE1E512007ABE73 = {
			isa = PBXGroup;
			children = (
				B5710DA82EEDD729008E8A4C /* View */,
				B5710DA62EEDD6F0008E8A4C /* ViewModels */,
				B5E1FF2D2EE1E585007ABE73 /* Services */,
				B5E1FF2C2EE1E571007ABE73 /* Models */,
				B5E1FF172EE1E512007ABE73 /* GameSpace */,
				B5E1FF162EE1E512007ABE73 /* Products */,
			);
			sourceTree = "<group>";
		};
		B5E1FF162EE1E512007ABE73 /* Products */ = {
			isa = PBXGroup;
			children = (
				B5E1FF152EE1E512007ABE73 /* GameSpace.app */,
			);
			name = Products;
			sourceTree = "<group>";
		};
		B5E1FF172EE1E512007ABE73 /* GameSpace */ = {
			isa = PBXGroup;
			children = (
				B5E1FF182EE1E512007ABE73 /* AppDelegate.swift */,
				B5E1FF1A2EE1E512007ABE73 /* SceneDelegate.swift */,
				B5E1FF1E2EE1E512007ABE73 /* Main.storyboard */,
				B5E1FF212EE1E514007ABE73 /* Assets.xcassets */,
				B5E1FF232EE1E514007ABE73 /* LaunchScreen.storyboard */,
				B5E1FF262EE1E514007ABE73 /* Info.plist */,
			);
			path = GameSpace;
			sourceTree = "<group>";
		};
		B5E1FF2C2EE1E571007ABE73 /* Models */ = {
			isa = PBXGroup;
			children = (
				B5E1FF322EE1E64E007ABE73 /* Game.swift */,
				B5E1FF342EE1E681007ABE73 /* User.swift */,
			);
			path = Models;
			sourceTree = "<group>";
		};
		B5E1FF2D2EE1E585007ABE73 /* Services */ = {
			isa = PBXGroup;
			children = (
				B5E1FF2E2EE1E5DB007ABE73 /* AuthService.swift */,
				B5E1FF302EE1E632007ABE73 /* RawgService.swift */,
			);
			path = Services;
			sourceTree = "<group>";
		};
/* End PBXGroup section */

/* Begin PBXNativeTarget section */
		B5E1FF142EE1E512007ABE73 /* GameSpace */ = {
			isa = PBXNativeTarget;
			buildConfigurationList = B5E1FF292EE1E514007ABE73 /* Build configuration list for PBXNativeTarget "GameSpace" */;
			buildPhases = (
				B5E1FF112EE1E512007ABE73 /* Sources */,
				B5E1FF122EE1E512007ABE73 /* Frameworks */,
				B5E1FF132EE1E512007ABE73 /* Resources */,
			);
			buildRules = (
			);
			dependencies = (
			);
			name = GameSpace;
			productName = GameSpace;
			productReference = B5E1FF152EE1E512007ABE73 /* GameSpace.app */;
			productType = "com.apple.product-type.application";
		};
/* End PBXNativeTarget section */

/* Begin PBXProject section */
		B5E1FF0D2EE1E512007ABE73 /* Project object */ = {
			isa = PBXProject;
			attributes = {
				BuildIndependentTargetsInParallel = 1;
				LastSwiftUpdateCheck = 1520;
				LastUpgradeCheck = 1520;
				TargetAttributes = {
					B5E1FF142EE1E512007ABE73 = {
						CreatedOnToolsVersion = 15.2;
					};
				};
			};
			buildConfigurationList = B5E1FF102EE1E512007ABE73 /* Build configuration list for PBXProject "GameSpace" */;
			compatibilityVersion = "Xcode 14.0";
			developmentRegion = en;
			hasScannedForEncodings = 0;
			knownRegions = (
				en,
				Base,
			);
			mainGroup = B5E1FF0C2EE1E512007ABE73;
			productRefGroup = B5E1FF162EE1E512007ABE73 /* Products */;
			projectDirPath = "";
			projectRoot = "";
			targets = (
				B5E1FF142EE1E512007ABE73 /* GameSpace */,
			);
		};
/* End PBXProject section */

/* Begin PBXResourcesBuildPhase section */
		B5E1FF132EE1E512007ABE73 /* Resources */ = {
			isa = PBXResourcesBuildPhase;
			buildActionMask = 2147483647;
			files = (
				B5E1FF252EE1E514007ABE73 /* LaunchScreen.storyboard in Resources */,
				B5E1FF222EE1E514007ABE73 /* Assets.xcassets in Resources */,
				B5E1FF202EE1E512007ABE73 /* Main.storyboard in Resources */,
				B1B7B0E22EF2725800A5865C /* Login.storyboard in Resources */,
				B5E1FF3D2EE1EBE7007ABE73 /* Register.storyboard in Resources */,
			);
			runOnlyForDeploymentPostprocessing = 0;
		};
/* End PBXResourcesBuildPhase section */

/* Begin PBXSourcesBuildPhase section */
		B5E1FF112EE1E512007ABE73 /* Sources */ = {
			isa = PBXSourcesBuildPhase;
			buildActionMask = 2147483647;
			files = (
				B5E1FF392EE1E79D007ABE73 /* RegisterViewController.swift in Sources */,
				B5CDB85E2EF0EA2F00CA98E5 /* GenreViewController.swift in Sources */,
				B5710DAD2EEDDAA2008E8A4C /* HomeViewModel.swift in Sources */,
				B5E1FF1D2EE1E512007ABE73 /* HomeViewController.swift in Sources */,
				B5C8A8002EF0901400835FEB /* PlatformViewModel.swift in Sources */,
				B5E1FF332EE1E64E007ABE73 /* Game.swift in Sources */,
				B5E1FF312EE1E632007ABE73 /* RawgService.swift in Sources */,
				B5C8A7FA2EF08A7800835FEB /* SearchViewModel.swift in Sources */,
				B5E1FF192EE1E512007ABE73 /* AppDelegate.swift in Sources */,
				B5E1FF372EE1E78A007ABE73 /* LoginViewController.swift in Sources */,
				B5C8A7FC2EF08AAA00835FEB /* SearchViewController.swift in Sources */,
				B5E1FF1B2EE1E512007ABE73 /* SceneDelegate.swift in Sources */,
				B5E1FF2F2EE1E5DB007ABE73 /* AuthService.swift in Sources */,
				B1B7B0DC2EF26CE300A5865C /* TabBarController.swift in Sources */,
				B5C8A8022EF0907900835FEB /* GameGridCell.swift in Sources */,
				B1B7B0E02EF26E5F00A5865C /* SplashViewController.swift in Sources */,
				B5710DB02EEDDDAC008E8A4C /* GameCardCell.swift in Sources */,
				B5C8A8092EF0941200835FEB /* tableView.swift in Sources */,
				B5710DAB2EEDDA6D008E8A4C /* LoginViewModel.swift in Sources */,
				B5C8A7FE2EF08FFC00835FEB /* PlatformViewController.swift in Sources */,
				B5E1FF352EE1E681007ABE73 /* User.swift in Sources */,
				B1B7B0DE2EF26D1E00A5865C /* UserViewController.swift in Sources */,
				B5CDB8622EF0EAE800CA98E5 /* GenreViewModel.swift in Sources */,
				B5C8A8072EF0934600835FEB /* platformStack.swift in Sources */,
			);
			runOnlyForDeploymentPostprocessing = 0;
		};
/* End PBXSourcesBuildPhase section */

/* Begin PBXVariantGroup section */
		B5E1FF1E2EE1E512007ABE73 /* Main.storyboard */ = {
			isa = PBXVariantGroup;
			children = (
				B5E1FF1F2EE1E512007ABE73 /* Base */,
			);
			name = Main.storyboard;
			sourceTree = "<group>";
		};
		B5E1FF232EE1E514007ABE73 /* LaunchScreen.storyboard */ = {
			isa = PBXVariantGroup;
			children = (
				B5E1FF242EE1E514007ABE73 /* Base */,
			);
			name = LaunchScreen.storyboard;
			sourceTree = "<group>";
		};
/* End PBXVariantGroup section */

/* Begin XCBuildConfiguration section */
		B5E1FF272EE1E514007ABE73 /* Debug */ = {
			isa = XCBuildConfiguration;
			buildSettings = {
				ALWAYS_SEARCH_USER_PATHS = NO;
				ASSETCATALOG_COMPILER_GENERATE_SWIFT_ASSET_SYMBOL_EXTENSIONS = YES;
				CLANG_ANALYZER_NONNULL = YES;
				CLANG_ANALYZER_NUMBER_OBJECT_CONVERSION = YES_AGGRESSIVE;
				CLANG_CXX_LANGUAGE_STANDARD = "gnu++20";
				CLANG_ENABLE_MODULES = YES;
				CLANG_ENABLE_OBJC_ARC = YES;
				CLANG_ENABLE_OBJC_WEAK = YES;
				CLANG_WARN_BLOCK_CAPTURE_AUTORELEASING = YES;
				CLANG_WARN_BOOL_CONVERSION = YES;
				CLANG_WARN_COMMA = YES;
				CLANG_WARN_CONSTANT_CONVERSION = YES;
				CLANG_WARN_DEPRECATED_OBJC_IMPLEMENTATIONS = YES;
				CLANG_WARN_DIRECT_OBJC_ISA_USAGE = YES_ERROR;
				CLANG_WARN_DOCUMENTATION_COMMENTS = YES;
				CLANG_WARN_EMPTY_BODY = YES;
				CLANG_WARN_ENUM_CONVERSION = YES;
				CLANG_WARN_INFINITE_RECURSION = YES;
				CLANG_WARN_INT_CONVERSION = YES;
				CLANG_WARN_NON_LITERAL_NULL_CONVERSION = YES;
				CLANG_WARN_OBJC_IMPLICIT_RETAIN_SELF = YES;
				CLANG_WARN_OBJC_LITERAL_CONVERSION = YES;
				CLANG_WARN_OBJC_ROOT_CLASS = YES_ERROR;
				CLANG_WARN_QUOTED_INCLUDE_IN_FRAMEWORK_HEADER = YES;
				CLANG_WARN_RANGE_LOOP_ANALYSIS = YES;
				CLANG_WARN_STRICT_PROTOTYPES = YES;
				CLANG_WARN_SUSPICIOUS_MOVE = YES;
				CLANG_WARN_UNGUARDED_AVAILABILITY = YES_AGGRESSIVE;
				CLANG_WARN_UNREACHABLE_CODE = YES;
				CLANG_WARN__DUPLICATE_METHOD_MATCH = YES;
				COPY_PHASE_STRIP = NO;
				DEBUG_INFORMATION_FORMAT = dwarf;
				ENABLE_STRICT_OBJC_MSGSEND = YES;
				ENABLE_TESTABILITY = YES;
				ENABLE_USER_SCRIPT_SANDBOXING = YES;
				GCC_C_LANGUAGE_STANDARD = gnu17;
				GCC_DYNAMIC_NO_PIC = NO;
				GCC_NO_COMMON_BLOCKS = YES;
				GCC_OPTIMIZATION_LEVEL = 0;
				GCC_PREPROCESSOR_DEFINITIONS = (
					"DEBUG=1",
					"$(inherited)",
				);
				GCC_WARN_64_TO_32_BIT_CONVERSION = YES;
				GCC_WARN_ABOUT_RETURN_TYPE = YES_ERROR;
				GCC_WARN_UNDECLARED_SELECTOR = YES;
				GCC_WARN_UNINITIALIZED_AUTOS = YES_AGGRESSIVE;
				GCC_WARN_UNUSED_FUNCTION = YES;
				GCC_WARN_UNUSED_VARIABLE = YES;
				IPHONEOS_DEPLOYMENT_TARGET = 17.2;
				LOCALIZATION_PREFERS_STRING_CATALOGS = YES;
				MTL_ENABLE_DEBUG_INFO = INCLUDE_SOURCE;
				MTL_FAST_MATH = YES;
				ONLY_ACTIVE_ARCH = YES;
				SDKROOT = iphoneos;
				SWIFT_ACTIVE_COMPILATION_CONDITIONS = "DEBUG $(inherited)";
				SWIFT_OPTIMIZATION_LEVEL = "-Onone";
			};
			name = Debug;
		};
		B5E1FF282EE1E514007ABE73 /* Release */ = {
			isa = XCBuildConfiguration;
			buildSettings = {
				ALWAYS_SEARCH_USER_PATHS = NO;
				ASSETCATALOG_COMPILER_GENERATE_SWIFT_ASSET_SYMBOL_EXTENSIONS = YES;
				CLANG_ANALYZER_NONNULL = YES;
				CLANG_ANALYZER_NUMBER_OBJECT_CONVERSION = YES_AGGRESSIVE;
				CLANG_CXX_LANGUAGE_STANDARD = "gnu++20";
				CLANG_ENABLE_MODULES = YES;
				CLANG_ENABLE_OBJC_ARC = YES;
				CLANG_ENABLE_OBJC_WEAK = YES;
				CLANG_WARN_BLOCK_CAPTURE_AUTORELEASING = YES;
				CLANG_WARN_BOOL_CONVERSION = YES;
				CLANG_WARN_COMMA = YES;
				CLANG_WARN_CONSTANT_CONVERSION = YES;
				CLANG_WARN_DEPRECATED_OBJC_IMPLEMENTATIONS = YES;
				CLANG_WARN_DIRECT_OBJC_ISA_USAGE = YES_ERROR;
				CLANG_WARN_DOCUMENTATION_COMMENTS = YES;
				CLANG_WARN_EMPTY_BODY = YES;
				CLANG_WARN_ENUM_CONVERSION = YES;
				CLANG_WARN_INFINITE_RECURSION = YES;
				CLANG_WARN_INT_CONVERSION = YES;
				CLANG_WARN_NON_LITERAL_NULL_CONVERSION = YES;
				CLANG_WARN_OBJC_IMPLICIT_RETAIN_SELF = YES;
				CLANG_WARN_OBJC_LITERAL_CONVERSION = YES;
				CLANG_WARN_OBJC_ROOT_CLASS = YES_ERROR;
				CLANG_WARN_QUOTED_INCLUDE_IN_FRAMEWORK_HEADER = YES;
				CLANG_WARN_RANGE_LOOP_ANALYSIS = YES;
				CLANG_WARN_STRICT_PROTOTYPES = YES;
				CLANG_WARN_SUSPICIOUS_MOVE = YES;
				CLANG_WARN_UNGUARDED_AVAILABILITY = YES_AGGRESSIVE;
				CLANG_WARN_UNREACHABLE_CODE = YES;
				CLANG_WARN__DUPLICATE_METHOD_MATCH = YES;
				COPY_PHASE_STRIP = NO;
				DEBUG_INFORMATION_FORMAT = "dwarf-with-dsym";
				ENABLE_NS_ASSERTIONS = NO;
				ENABLE_STRICT_OBJC_MSGSEND = YES;
				ENABLE_USER_SCRIPT_SANDBOXING = YES;
				GCC_C_LANGUAGE_STANDARD = gnu17;
				GCC_NO_COMMON_BLOCKS = YES;
				GCC_WARN_64_TO_32_BIT_CONVERSION = YES;
				GCC_WARN_ABOUT_RETURN_TYPE = YES_ERROR;
				GCC_WARN_UNDECLARED_SELECTOR = YES;
				GCC_WARN_UNINITIALIZED_AUTOS = YES_AGGRESSIVE;
				GCC_WARN_UNUSED_FUNCTION = YES;
				GCC_WARN_UNUSED_VARIABLE = YES;
				IPHONEOS_DEPLOYMENT_TARGET = 17.2;
				LOCALIZATION_PREFERS_STRING_CATALOGS = YES;
				MTL_ENABLE_DEBUG_INFO = NO;
				MTL_FAST_MATH = YES;
				SDKROOT = iphoneos;
				SWIFT_COMPILATION_MODE = wholemodule;
				VALIDATE_PRODUCT = YES;
			};
			name = Release;
		};
		B5E1FF2A2EE1E514007ABE73 /* Debug */ = {
			isa = XCBuildConfiguration;
			buildSettings = {
				ASSETCATALOG_COMPILER_APPICON_NAME = AppIcon;
				ASSETCATALOG_COMPILER_GLOBAL_ACCENT_COLOR_NAME = AccentColor;
				CODE_SIGN_STYLE = Automatic;
				CURRENT_PROJECT_VERSION = 1;
				GENERATE_INFOPLIST_FILE = YES;
				INFOPLIST_FILE = GameSpace/Info.plist;
				INFOPLIST_KEY_UIApplicationSupportsIndirectInputEvents = YES;
				INFOPLIST_KEY_UILaunchStoryboardName = LaunchScreen;
				INFOPLIST_KEY_UIMainStoryboardFile = Main;
				INFOPLIST_KEY_UISupportedInterfaceOrientations_iPad = "UIInterfaceOrientationPortrait UIInterfaceOrientationPortraitUpsideDown UIInterfaceOrientationLandscapeLeft UIInterfaceOrientationLandscapeRight";
				INFOPLIST_KEY_UISupportedInterfaceOrientations_iPhone = "UIInterfaceOrientationPortrait UIInterfaceOrientationLandscapeLeft UIInterfaceOrientationLandscapeRight";
				LD_RUNPATH_SEARCH_PATHS = (
					"$(inherited)",
					"@executable_path/Frameworks",
				);
				MARKETING_VERSION = 1.0;
				PRODUCT_BUNDLE_IDENTIFIER = cibertec.GameSpace;
				PRODUCT_NAME = "$(TARGET_NAME)";
				SWIFT_EMIT_LOC_STRINGS = YES;
				SWIFT_VERSION = 5.0;
				TARGETED_DEVICE_FAMILY = "1,2";
			};
			name = Debug;
		};
		B5E1FF2B2EE1E514007ABE73 /* Release */ = {
			isa = XCBuildConfiguration;
			buildSettings = {
				ASSETCATALOG_COMPILER_APPICON_NAME = AppIcon;
				ASSETCATALOG_COMPILER_GLOBAL_ACCENT_COLOR_NAME = AccentColor;
				CODE_SIGN_STYLE = Automatic;
				CURRENT_PROJECT_VERSION = 1;
				GENERATE_INFOPLIST_FILE = YES;
				INFOPLIST_FILE = GameSpace/Info.plist;
				INFOPLIST_KEY_UIApplicationSupportsIndirectInputEvents = YES;
				INFOPLIST_KEY_UILaunchStoryboardName = LaunchScreen;
				INFOPLIST_KEY_UIMainStoryboardFile = Main;
				INFOPLIST_KEY_UISupportedInterfaceOrientations_iPad = "UIInterfaceOrientationPortrait UIInterfaceOrientationPortraitUpsideDown UIInterfaceOrientationLandscapeLeft UIInterfaceOrientationLandscapeRight";
				INFOPLIST_KEY_UISupportedInterfaceOrientations_iPhone = "UIInterfaceOrientationPortrait UIInterfaceOrientationLandscapeLeft UIInterfaceOrientationLandscapeRight";
				LD_RUNPATH_SEARCH_PATHS = (
					"$(inherited)",
					"@executable_path/Frameworks",
				);
				MARKETING_VERSION = 1.0;
				PRODUCT_BUNDLE_IDENTIFIER = cibertec.GameSpace;
				PRODUCT_NAME = "$(TARGET_NAME)";
				SWIFT_EMIT_LOC_STRINGS = YES;
				SWIFT_VERSION = 5.0;
				TARGETED_DEVICE_FAMILY = "1,2";
			};
			name = Release;
		};
/* End XCBuildConfiguration section */

/* Begin XCConfigurationList section */
		B5E1FF102EE1E512007ABE73 /* Build configuration list for PBXProject "GameSpace" */ = {
			isa = XCConfigurationList;
			buildConfigurations = (
				B5E1FF272EE1E514007ABE73 /* Debug */,
				B5E1FF282EE1E514007ABE73 /* Release */,
			);
			defaultConfigurationIsVisible = 0;
			defaultConfigurationName = Release;
		};
		B5E1FF292EE1E514007ABE73 /* Build configuration list for PBXNativeTarget "GameSpace" */ = {
			isa = XCConfigurationList;
			buildConfigurations = (
				B5E1FF2A2EE1E514007ABE73 /* Debug */,
				B5E1FF2B2EE1E514007ABE73 /* Release */,
			);
			defaultConfigurationIsVisible = 0;
			defaultConfigurationName = Release;
		};
/* End XCConfigurationList section */
	};
	rootObject = B5E1FF0D2EE1E512007ABE73 /* Project object */;
}
